// !$*UTF8*$!
{
	archiveVersion = 1;
	classes = {
	};
	objectVersion = 77;
	objects = {

/* Begin PBXBuildFile section */
		9114292F2D7EFA5E00119F5D /* FirebaseAuth in Frameworks */ = {isa = PBXBuildFile; productRef = 9114292E2D7EFA5E00119F5D /* FirebaseAuth */; };
		911429312D7EFA5E00119F5D /* FirebaseFirestore in Frameworks */ = {isa = PBXBuildFile; productRef = 911429302D7EFA5E00119F5D /* FirebaseFirestore */; };
		911429332D7F018900119F5D /* AuthServices.swift in Sources */ = {isa = PBXBuildFile; fileRef = 911429322D7F018200119F5D /* AuthServices.swift */; };
		911810192E0B0A6500C5F2FA /* FavouritesViewModel.swift in Sources */ = {isa = PBXBuildFile; fileRef = 911810182E0B0A5300C5F2FA /* FavouritesViewModel.swift */; };
		91207C2E2D6B5938002DC5AE /* News.swift in Sources */ = {isa = PBXBuildFile; fileRef = 91207C2D2D6B5931002DC5AE /* News.swift */; };
		91207C312D6B5E0B002DC5AE /* NetworkService.swift in Sources */ = {isa = PBXBuildFile; fileRef = 91207C302D6B5E03002DC5AE /* NetworkService.swift */; };
		91207C332D6B5E15002DC5AE /* URLManager.swift in Sources */ = {isa = PBXBuildFile; fileRef = 91207C322D6B5E0F002DC5AE /* URLManager.swift */; };
		91207C352D6B5E25002DC5AE /* ParsingService.swift in Sources */ = {isa = PBXBuildFile; fileRef = 91207C342D6B5E1D002DC5AE /* ParsingService.swift */; };
		91207C372D6B5EDC002DC5AE /* Profile.swift in Sources */ = {isa = PBXBuildFile; fileRef = 91207C362D6B5ED9002DC5AE /* Profile.swift */; };
		91207C3A2D6B73BB002DC5AE /* NewsViewModel.swift in Sources */ = {isa = PBXBuildFile; fileRef = 91207C392D6B73B3002DC5AE /* NewsViewModel.swift */; };
		91207C3C2D6B74A4002DC5AE /* NewsView.swift in Sources */ = {isa = PBXBuildFile; fileRef = 91207C3B2D6B74A4002DC5AE /* NewsView.swift */; };
		9128F5632D6B811000523125 /* ArticleFullView.swift in Sources */ = {isa = PBXBuildFile; fileRef = 9128F5622D6B810400523125 /* ArticleFullView.swift */; };
		912FB4692D5378ED00750576 /* Preview Assets.xcassets in Resources */ = {isa = PBXBuildFile; fileRef = 912FB4632D5378ED00750576 /* Preview Assets.xcassets */; };
		912FB46A2D5378ED00750576 /* Assets.xcassets in Resources */ = {isa = PBXBuildFile; fileRef = 912FB4652D5378ED00750576 /* Assets.xcassets */; };
		912FB46C2D5378ED00750576 /* YourNewspaperApp.swift in Sources */ = {isa = PBXBuildFile; fileRef = 912FB4672D5378ED00750576 /* YourNewspaperApp.swift */; };
		9130DC012DFD7BC7006B22A4 /* AddNewCustomTopicView.swift in Sources */ = {isa = PBXBuildFile; fileRef = 9130DC002DFD7BBA006B22A4 /* AddNewCustomTopicView.swift */; };
		9130DC052DFD8269006B22A4 /* FavoritesView.swift in Sources */ = {isa = PBXBuildFile; fileRef = 9130DC042DFD8261006B22A4 /* FavoritesView.swift */; };
		9130DC072DFD8EC8006B22A4 /* ListOfNews.swift in Sources */ = {isa = PBXBuildFile; fileRef = 9130DC062DFD8EBE006B22A4 /* ListOfNews.swift */; };
		9137F9CF2D6DBF8D00970979 /* FontLibrary.swift in Sources */ = {isa = PBXBuildFile; fileRef = 9137F9CE2D6DBF8600970979 /* FontLibrary.swift */; };
		9137F9D22D6DC90B00970979 /* ArticleCell.swift in Sources */ = {isa = PBXBuildFile; fileRef = 9137F9D12D6DC90200970979 /* ArticleCell.swift */; };
		9137F9D42D6DCEAE00970979 /* RouteView.swift in Sources */ = {isa = PBXBuildFile; fileRef = 9137F9D32D6DCEA500970979 /* RouteView.swift */; };
		915218112DC0FADF009DB2C1 /* TopStoriesViewModel.swift in Sources */ = {isa = PBXBuildFile; fileRef = 915218102DC0FAD1009DB2C1 /* TopStoriesViewModel.swift */; };
		915218132DC0FAEA009DB2C1 /* TopStoriesView.swift in Sources */ = {isa = PBXBuildFile; fileRef = 915218122DC0FAE3009DB2C1 /* TopStoriesView.swift */; };
		9156BEF12D7726A9009D28D1 /* SignUpView.swift in Sources */ = {isa = PBXBuildFile; fileRef = 9156BEF02D7726A0009D28D1 /* SignUpView.swift */; };
		9156BEF32D7726BA009D28D1 /* SignUpViewModel.swift in Sources */ = {isa = PBXBuildFile; fileRef = 9156BEF22D7726B2009D28D1 /* SignUpViewModel.swift */; };
		9156BEF52D772EA1009D28D1 /* CustomTextField.swift in Sources */ = {isa = PBXBuildFile; fileRef = 9156BEF42D772E99009D28D1 /* CustomTextField.swift */; };
		916ED33C2D75A15D0065879C /* InterestsScrollView.swift in Sources */ = {isa = PBXBuildFile; fileRef = 916ED33B2D75A1400065879C /* InterestsScrollView.swift */; };
		919908CD2D81A43B0082FEFA /* GoogleService-Info.plist in Resources */ = {isa = PBXBuildFile; fileRef = 919908CC2D81A43B0082FEFA /* GoogleService-Info.plist */; };
		91A4A0DE2DAE6AA600C789D8 /* CustomToggle.swift in Sources */ = {isa = PBXBuildFile; fileRef = 91A4A0DD2DAE6A9E00C789D8 /* CustomToggle.swift */; };
		91B741A22E002CA90081D361 /* FirestoreService.swift in Sources */ = {isa = PBXBuildFile; fileRef = 91B741A12E002CA00081D361 /* FirestoreService.swift */; };
		91B9C7742DFC92DB00C41E42 /* PhotoPlaceholder.swift in Sources */ = {isa = PBXBuildFile; fileRef = 91B9C7732DFC92D000C41E42 /* PhotoPlaceholder.swift */; };
		91C2F8D72D6F567F0074026B /* PTSerif-Bold.ttf in Resources */ = {isa = PBXBuildFile; fileRef = 91C2F8D62D6F567F0074026B /* PTSerif-Bold.ttf */; };
		91C2F8D92D6F56860074026B /* PTSerif-Regular.ttf in Resources */ = {isa = PBXBuildFile; fileRef = 91C2F8D82D6F56860074026B /* PTSerif-Regular.ttf */; };
		91DF20B52D7C8E9E00AA9DDE /* UserSettingsViewModel.swift in Sources */ = {isa = PBXBuildFile; fileRef = 91DF20B42D7C8E9000AA9DDE /* UserSettingsViewModel.swift */; };
		91DF20B72D7C8EA900AA9DDE /* UserSettingsView.swift in Sources */ = {isa = PBXBuildFile; fileRef = 91DF20B62D7C8EA200AA9DDE /* UserSettingsView.swift */; };
		91E986BF2D7B0E73004E72FA /* Coordinator.swift in Sources */ = {isa = PBXBuildFile; fileRef = 91E986BE2D7B0E6D004E72FA /* Coordinator.swift */; };
/* End PBXBuildFile section */

/* Begin PBXFileReference section */
		911429322D7F018200119F5D /* AuthServices.swift */ = {isa = PBXFileReference; lastKnownFileType = sourcecode.swift; path = AuthServices.swift; sourceTree = "<group>"; };
		911810182E0B0A5300C5F2FA /* FavouritesViewModel.swift */ = {isa = PBXFileReference; lastKnownFileType = sourcecode.swift; path = FavouritesViewModel.swift; sourceTree = "<group>"; };
		91207C2D2D6B5931002DC5AE /* News.swift */ = {isa = PBXFileReference; lastKnownFileType = sourcecode.swift; path = News.swift; sourceTree = "<group>"; };
		91207C302D6B5E03002DC5AE /* NetworkService.swift */ = {isa = PBXFileReference; lastKnownFileType = sourcecode.swift; path = NetworkService.swift; sourceTree = "<group>"; };
		91207C322D6B5E0F002DC5AE /* URLManager.swift */ = {isa = PBXFileReference; lastKnownFileType = sourcecode.swift; path = URLManager.swift; sourceTree = "<group>"; };
		91207C342D6B5E1D002DC5AE /* ParsingService.swift */ = {isa = PBXFileReference; lastKnownFileType = sourcecode.swift; path = ParsingService.swift; sourceTree = "<group>"; };
		91207C362D6B5ED9002DC5AE /* Profile.swift */ = {isa = PBXFileReference; lastKnownFileType = sourcecode.swift; path = Profile.swift; sourceTree = "<group>"; };
		91207C392D6B73B3002DC5AE /* NewsViewModel.swift */ = {isa = PBXFileReference; lastKnownFileType = sourcecode.swift; path = NewsViewModel.swift; sourceTree = "<group>"; };
		91207C3B2D6B74A4002DC5AE /* NewsView.swift */ = {isa = PBXFileReference; lastKnownFileType = sourcecode.swift; path = NewsView.swift; sourceTree = "<group>"; };
		9128F5622D6B810400523125 /* ArticleFullView.swift */ = {isa = PBXFileReference; lastKnownFileType = sourcecode.swift; path = ArticleFullView.swift; sourceTree = "<group>"; };
		912FB4502D5378AC00750576 /* YourNewspaper.app */ = {isa = PBXFileReference; explicitFileType = wrapper.application; includeInIndex = 0; path = YourNewspaper.app; sourceTree = BUILT_PRODUCTS_DIR; };
		912FB4632D5378ED00750576 /* Preview Assets.xcassets */ = {isa = PBXFileReference; lastKnownFileType = folder.assetcatalog; path = "Preview Assets.xcassets"; sourceTree = "<group>"; };
		912FB4652D5378ED00750576 /* Assets.xcassets */ = {isa = PBXFileReference; lastKnownFileType = folder.assetcatalog; path = Assets.xcassets; sourceTree = "<group>"; };
		912FB4672D5378ED00750576 /* YourNewspaperApp.swift */ = {isa = PBXFileReference; lastKnownFileType = sourcecode.swift; path = YourNewspaperApp.swift; sourceTree = "<group>"; };
		9130DC002DFD7BBA006B22A4 /* AddNewCustomTopicView.swift */ = {isa = PBXFileReference; lastKnownFileType = sourcecode.swift; path = AddNewCustomTopicView.swift; sourceTree = "<group>"; };
		9130DC042DFD8261006B22A4 /* FavoritesView.swift */ = {isa = PBXFileReference; lastKnownFileType = sourcecode.swift; path = FavoritesView.swift; sourceTree = "<group>"; };
		9130DC062DFD8EBE006B22A4 /* ListOfNews.swift */ = {isa = PBXFileReference; lastKnownFileType = sourcecode.swift; path = ListOfNews.swift; sourceTree = "<group>"; };
		9137F9CD2D6DBEDD00970979 /* Info.plist */ = {isa = PBXFileReference; lastKnownFileType = text.plist; path = Info.plist; sourceTree = "<group>"; };
		9137F9CE2D6DBF8600970979 /* FontLibrary.swift */ = {isa = PBXFileReference; lastKnownFileType = sourcecode.swift; path = FontLibrary.swift; sourceTree = "<group>"; };
		9137F9D12D6DC90200970979 /* ArticleCell.swift */ = {isa = PBXFileReference; lastKnownFileType = sourcecode.swift; path = ArticleCell.swift; sourceTree = "<group>"; };
		9137F9D32D6DCEA500970979 /* RouteView.swift */ = {isa = PBXFileReference; lastKnownFileType = sourcecode.swift; path = RouteView.swift; sourceTree = "<group>"; };
		915218102DC0FAD1009DB2C1 /* TopStoriesViewModel.swift */ = {isa = PBXFileReference; lastKnownFileType = sourcecode.swift; path = TopStoriesViewModel.swift; sourceTree = "<group>"; };
		915218122DC0FAE3009DB2C1 /* TopStoriesView.swift */ = {isa = PBXFileReference; lastKnownFileType = sourcecode.swift; path = TopStoriesView.swift; sourceTree = "<group>"; };
		9156BEF02D7726A0009D28D1 /* SignUpView.swift */ = {isa = PBXFileReference; lastKnownFileType = sourcecode.swift; path = SignUpView.swift; sourceTree = "<group>"; };
		9156BEF22D7726B2009D28D1 /* SignUpViewModel.swift */ = {isa = PBXFileReference; lastKnownFileType = sourcecode.swift; path = SignUpViewModel.swift; sourceTree = "<group>"; };
		9156BEF42D772E99009D28D1 /* CustomTextField.swift */ = {isa = PBXFileReference; lastKnownFileType = sourcecode.swift; path = CustomTextField.swift; sourceTree = "<group>"; };
		916ED33B2D75A1400065879C /* InterestsScrollView.swift */ = {isa = PBXFileReference; lastKnownFileType = sourcecode.swift; path = InterestsScrollView.swift; sourceTree = "<group>"; };
		919908CC2D81A43B0082FEFA /* GoogleService-Info.plist */ = {isa = PBXFileReference; lastKnownFileType = text.plist.xml; path = "GoogleService-Info.plist"; sourceTree = "<group>"; };
		91A4A0DD2DAE6A9E00C789D8 /* CustomToggle.swift */ = {isa = PBXFileReference; lastKnownFileType = sourcecode.swift; path = CustomToggle.swift; sourceTree = "<group>"; };
		91B741A12E002CA00081D361 /* FirestoreService.swift */ = {isa = PBXFileReference; lastKnownFileType = sourcecode.swift; path = FirestoreService.swift; sourceTree = "<group>"; };
		91B9C7732DFC92D000C41E42 /* PhotoPlaceholder.swift */ = {isa = PBXFileReference; lastKnownFileType = sourcecode.swift; path = PhotoPlaceholder.swift; sourceTree = "<group>"; };
		91C2F8D62D6F567F0074026B /* PTSerif-Bold.ttf */ = {isa = PBXFileReference; lastKnownFileType = file; path = "PTSerif-Bold.ttf"; sourceTree = "<group>"; };
		91C2F8D82D6F56860074026B /* PTSerif-Regular.ttf */ = {isa = PBXFileReference; lastKnownFileType = file; path = "PTSerif-Regular.ttf"; sourceTree = "<group>"; };
		91DF20B42D7C8E9000AA9DDE /* UserSettingsViewModel.swift */ = {isa = PBXFileReference; lastKnownFileType = sourcecode.swift; path = UserSettingsViewModel.swift; sourceTree = "<group>"; };
		91DF20B62D7C8EA200AA9DDE /* UserSettingsView.swift */ = {isa = PBXFileReference; lastKnownFileType = sourcecode.swift; path = UserSettingsView.swift; sourceTree = "<group>"; };
		91E986BE2D7B0E6D004E72FA /* Coordinator.swift */ = {isa = PBXFileReference; lastKnownFileType = sourcecode.swift; path = Coordinator.swift; sourceTree = "<group>"; };
/* End PBXFileReference section */

/* Begin PBXFrameworksBuildPhase section */
		912FB44D2D5378AC00750576 /* Frameworks */ = {
			isa = PBXFrameworksBuildPhase;
			buildActionMask = 2147483647;
			files = (
				9114292F2D7EFA5E00119F5D /* FirebaseAuth in Frameworks */,
				911429312D7EFA5E00119F5D /* FirebaseFirestore in Frameworks */,
			);
			runOnlyForDeploymentPostprocessing = 0;
		};
/* End PBXFrameworksBuildPhase section */

/* Begin PBXGroup section */
		91207C2F2D6B5DF8002DC5AE /* Services  */ = {
			isa = PBXGroup;
			children = (
				91B741A12E002CA00081D361 /* FirestoreService.swift */,
				911429322D7F018200119F5D /* AuthServices.swift */,
				91207C342D6B5E1D002DC5AE /* ParsingService.swift */,
				91207C322D6B5E0F002DC5AE /* URLManager.swift */,
				91207C302D6B5E03002DC5AE /* NetworkService.swift */,
			);
			path = "Services ";
			sourceTree = "<group>";
		};
		912FB4472D5378AC00750576 = {
			isa = PBXGroup;
			children = (
				912FB4682D5378ED00750576 /* YourNewspaper */,
				912FB4512D5378AC00750576 /* Products */,
			);
			sourceTree = "<group>";
		};
		912FB4512D5378AC00750576 /* Products */ = {
			isa = PBXGroup;
			children = (
				912FB4502D5378AC00750576 /* YourNewspaper.app */,
			);
			name = Products;
			sourceTree = "<group>";
		};
		912FB4622D5378ED00750576 /* Model */ = {
			isa = PBXGroup;
			children = (
				91207C362D6B5ED9002DC5AE /* Profile.swift */,
				91207C2D2D6B5931002DC5AE /* News.swift */,
			);
			path = Model;
			sourceTree = "<group>";
		};
		912FB4642D5378ED00750576 /* Preview Content */ = {
			isa = PBXGroup;
			children = (
				912FB4632D5378ED00750576 /* Preview Assets.xcassets */,
			);
			path = "Preview Content";
			sourceTree = "<group>";
		};
		912FB4682D5378ED00750576 /* YourNewspaper */ = {
			isa = PBXGroup;
			children = (
				919908CC2D81A43B0082FEFA /* GoogleService-Info.plist */,
				9137F9CD2D6DBEDD00970979 /* Info.plist */,
				912FB4622D5378ED00750576 /* Model */,
				912FB46D2D5378FD00750576 /* ViewModel */,
				912FB46E2D53790D00750576 /* View */,
				91207C2F2D6B5DF8002DC5AE /* Services  */,
				912FB46F2D53793A00750576 /* Resources */,
			);
			path = YourNewspaper;
			sourceTree = "<group>";
		};
		912FB46D2D5378FD00750576 /* ViewModel */ = {
			isa = PBXGroup;
			children = (
				91E986BE2D7B0E6D004E72FA /* Coordinator.swift */,
				9156BEF22D7726B2009D28D1 /* SignUpViewModel.swift */,
				91207C392D6B73B3002DC5AE /* NewsViewModel.swift */,
				915218102DC0FAD1009DB2C1 /* TopStoriesViewModel.swift */,
				91DF20B42D7C8E9000AA9DDE /* UserSettingsViewModel.swift */,
				911810182E0B0A5300C5F2FA /* FavouritesViewModel.swift */,
			);
			path = ViewModel;
			sourceTree = "<group>";
		};
		912FB46E2D53790D00750576 /* View */ = {
			isa = PBXGroup;
			children = (
				9137F9D32D6DCEA500970979 /* RouteView.swift */,
				9156BEF02D7726A0009D28D1 /* SignUpView.swift */,
				91207C3B2D6B74A4002DC5AE /* NewsView.swift */,
				915218122DC0FAE3009DB2C1 /* TopStoriesView.swift */,
				9130DC042DFD8261006B22A4 /* FavoritesView.swift */,
				9128F5622D6B810400523125 /* ArticleFullView.swift */,
				91DF20B62D7C8EA200AA9DDE /* UserSettingsView.swift */,
				9130DC002DFD7BBA006B22A4 /* AddNewCustomTopicView.swift */,
				9137F9D02D6DC8F600970979 /* ViewComponents */,
			);
			path = View;
			sourceTree = "<group>";
		};
		912FB46F2D53793A00750576 /* Resources */ = {
			isa = PBXGroup;
			children = (
				9137F9C42D6DBE5200970979 /* Fonts */,
				912FB4652D5378ED00750576 /* Assets.xcassets */,
				912FB4642D5378ED00750576 /* Preview Content */,
				912FB4672D5378ED00750576 /* YourNewspaperApp.swift */,
			);
			path = Resources;
			sourceTree = "<group>";
		};
		9137F9C42D6DBE5200970979 /* Fonts */ = {
			isa = PBXGroup;
			children = (
				9137F9CE2D6DBF8600970979 /* FontLibrary.swift */,
				91C2F8D62D6F567F0074026B /* PTSerif-Bold.ttf */,
				91C2F8D82D6F56860074026B /* PTSerif-Regular.ttf */,
			);
			path = Fonts;
			sourceTree = "<group>";
		};
		9137F9D02D6DC8F600970979 /* ViewComponents */ = {
			isa = PBXGroup;
			children = (
				9130DC062DFD8EBE006B22A4 /* ListOfNews.swift */,
				91B9C7732DFC92D000C41E42 /* PhotoPlaceholder.swift */,
				91A4A0DD2DAE6A9E00C789D8 /* CustomToggle.swift */,
				9156BEF42D772E99009D28D1 /* CustomTextField.swift */,
				916ED33B2D75A1400065879C /* InterestsScrollView.swift */,
				9137F9D12D6DC90200970979 /* ArticleCell.swift */,
			);
			path = ViewComponents;
			sourceTree = "<group>";
		};
/* End PBXGroup section */

/* Begin PBXNativeTarget section */
		912FB44F2D5378AC00750576 /* YourNewspaper */ = {
			isa = PBXNativeTarget;
			buildConfigurationList = 912FB45E2D5378AE00750576 /* Build configuration list for PBXNativeTarget "YourNewspaper" */;
			buildPhases = (
				912FB44C2D5378AC00750576 /* Sources */,
				912FB44D2D5378AC00750576 /* Frameworks */,
				912FB44E2D5378AC00750576 /* Resources */,
			);
			buildRules = (
			);
			dependencies = (
			);
			name = YourNewspaper;
			packageProductDependencies = (
				9114292E2D7EFA5E00119F5D /* FirebaseAuth */,
				911429302D7EFA5E00119F5D /* FirebaseFirestore */,
			);
			productName = YourNewspaper;
			productReference = 912FB4502D5378AC00750576 /* YourNewspaper.app */;
			productType = "com.apple.product-type.application";
		};
/* End PBXNativeTarget section */

/* Begin PBXProject section */
		912FB4482D5378AC00750576 /* Project object */ = {
			isa = PBXProject;
			attributes = {
				BuildIndependentTargetsInParallel = 1;
				LastSwiftUpdateCheck = 1620;
				LastUpgradeCheck = 1620;
				TargetAttributes = {
					912FB44F2D5378AC00750576 = {
						CreatedOnToolsVersion = 16.2;
					};
				};
			};
			buildConfigurationList = 912FB44B2D5378AC00750576 /* Build configuration list for PBXProject "YourNewspaper" */;
			developmentRegion = en;
			hasScannedForEncodings = 0;
			knownRegions = (
				en,
				Base,
			);
			mainGroup = 912FB4472D5378AC00750576;
			minimizedProjectReferenceProxies = 1;
			packageReferences = (
				9114292D2D7EFA5E00119F5D /* XCRemoteSwiftPackageReference "firebase-ios-sdk" */,
			);
			preferredProjectObjectVersion = 77;
			productRefGroup = 912FB4512D5378AC00750576 /* Products */;
			projectDirPath = "";
			projectRoot = "";
			targets = (
				912FB44F2D5378AC00750576 /* YourNewspaper */,
			);
		};
/* End PBXProject section */

/* Begin PBXResourcesBuildPhase section */
		912FB44E2D5378AC00750576 /* Resources */ = {
			isa = PBXResourcesBuildPhase;
			buildActionMask = 2147483647;
			files = (
				91C2F8D72D6F567F0074026B /* PTSerif-Bold.ttf in Resources */,
				912FB4692D5378ED00750576 /* Preview Assets.xcassets in Resources */,
				919908CD2D81A43B0082FEFA /* GoogleService-Info.plist in Resources */,
				912FB46A2D5378ED00750576 /* Assets.xcassets in Resources */,
				91C2F8D92D6F56860074026B /* PTSerif-Regular.ttf in Resources */,
			);
			runOnlyForDeploymentPostprocessing = 0;
		};
/* End PBXResourcesBuildPhase section */

/* Begin PBXSourcesBuildPhase section */
		912FB44C2D5378AC00750576 /* Sources */ = {
			isa = PBXSourcesBuildPhase;
			buildActionMask = 2147483647;
			files = (
				91DF20B72D7C8EA900AA9DDE /* UserSettingsView.swift in Sources */,
				91207C2E2D6B5938002DC5AE /* News.swift in Sources */,
				9137F9D42D6DCEAE00970979 /* RouteView.swift in Sources */,
				91207C312D6B5E0B002DC5AE /* NetworkService.swift in Sources */,
				915218132DC0FAEA009DB2C1 /* TopStoriesView.swift in Sources */,
				91207C3C2D6B74A4002DC5AE /* NewsView.swift in Sources */,
				9156BEF52D772EA1009D28D1 /* CustomTextField.swift in Sources */,
				915218112DC0FADF009DB2C1 /* TopStoriesViewModel.swift in Sources */,
				9130DC052DFD8269006B22A4 /* FavoritesView.swift in Sources */,
				91207C332D6B5E15002DC5AE /* URLManager.swift in Sources */,
				91207C352D6B5E25002DC5AE /* ParsingService.swift in Sources */,
				9130DC012DFD7BC7006B22A4 /* AddNewCustomTopicView.swift in Sources */,
				9128F5632D6B811000523125 /* ArticleFullView.swift in Sources */,
				9130DC072DFD8EC8006B22A4 /* ListOfNews.swift in Sources */,
				9156BEF32D7726BA009D28D1 /* SignUpViewModel.swift in Sources */,
				912FB46C2D5378ED00750576 /* YourNewspaperApp.swift in Sources */,
				91E986BF2D7B0E73004E72FA /* Coordinator.swift in Sources */,
				9137F9D22D6DC90B00970979 /* ArticleCell.swift in Sources */,
				91207C372D6B5EDC002DC5AE /* Profile.swift in Sources */,
				9156BEF12D7726A9009D28D1 /* SignUpView.swift in Sources */,
				91A4A0DE2DAE6AA600C789D8 /* CustomToggle.swift in Sources */,
				91B741A22E002CA90081D361 /* FirestoreService.swift in Sources */,
				911810192E0B0A6500C5F2FA /* FavouritesViewModel.swift in Sources */,
				911429332D7F018900119F5D /* AuthServices.swift in Sources */,
				91DF20B52D7C8E9E00AA9DDE /* UserSettingsViewModel.swift in Sources */,
				91207C3A2D6B73BB002DC5AE /* NewsViewModel.swift in Sources */,
				916ED33C2D75A15D0065879C /* InterestsScrollView.swift in Sources */,
				91B9C7742DFC92DB00C41E42 /* PhotoPlaceholder.swift in Sources */,
				9137F9CF2D6DBF8D00970979 /* FontLibrary.swift in Sources */,
			);
			runOnlyForDeploymentPostprocessing = 0;
		};
/* End PBXSourcesBuildPhase section */

/* Begin XCBuildConfiguration section */
		912FB45C2D5378AE00750576 /* Debug */ = {
			isa = XCBuildConfiguration;
			buildSettings = {
				ALWAYS_SEARCH_USER_PATHS = NO;
				ASSETCATALOG_COMPILER_GENERATE_SWIFT_ASSET_SYMBOL_EXTENSIONS = YES;
				CLANG_ANALYZER_NONNULL = YES;
				CLANG_ANALYZER_NUMBER_OBJECT_CONVERSION = YES_AGGRESSIVE;
				CLANG_CXX_LANGUAGE_STANDARD = "gnu++20";
				CLANG_ENABLE_MODULES = YES;
				CLANG_ENABLE_OBJC_ARC = YES;
				CLANG_ENABLE_OBJC_WEAK = YES;
				CLANG_WARN_BLOCK_CAPTURE_AUTORELEASING = YES;
				CLANG_WARN_BOOL_CONVERSION = YES;
				CLANG_WARN_COMMA = YES;
				CLANG_WARN_CONSTANT_CONVERSION = YES;
				CLANG_WARN_DEPRECATED_OBJC_IMPLEMENTATIONS = YES;
				CLANG_WARN_DIRECT_OBJC_ISA_USAGE = YES_ERROR;
				CLANG_WARN_DOCUMENTATION_COMMENTS = YES;
				CLANG_WARN_EMPTY_BODY = YES;
				CLANG_WARN_ENUM_CONVERSION = YES;
				CLANG_WARN_INFINITE_RECURSION = YES;
				CLANG_WARN_INT_CONVERSION = YES;
				CLANG_WARN_NON_LITERAL_NULL_CONVERSION = YES;
				CLANG_WARN_OBJC_IMPLICIT_RETAIN_SELF = YES;
				CLANG_WARN_OBJC_LITERAL_CONVERSION = YES;
				CLANG_WARN_OBJC_ROOT_CLASS = YES_ERROR;
				CLANG_WARN_QUOTED_INCLUDE_IN_FRAMEWORK_HEADER = YES;
				CLANG_WARN_RANGE_LOOP_ANALYSIS = YES;
				CLANG_WARN_STRICT_PROTOTYPES = YES;
				CLANG_WARN_SUSPICIOUS_MOVE = YES;
				CLANG_WARN_UNGUARDED_AVAILABILITY = YES_AGGRESSIVE;
				CLANG_WARN_UNREACHABLE_CODE = YES;
				CLANG_WARN__DUPLICATE_METHOD_MATCH = YES;
				COPY_PHASE_STRIP = NO;
				DEBUG_INFORMATION_FORMAT = dwarf;
				ENABLE_STRICT_OBJC_MSGSEND = YES;
				ENABLE_TESTABILITY = YES;
				ENABLE_USER_SCRIPT_SANDBOXING = YES;
				GCC_C_LANGUAGE_STANDARD = gnu17;
				GCC_DYNAMIC_NO_PIC = NO;
				GCC_NO_COMMON_BLOCKS = YES;
				GCC_OPTIMIZATION_LEVEL = 0;
				GCC_PREPROCESSOR_DEFINITIONS = (
					"DEBUG=1",
					"$(inherited)",
				);
				GCC_WARN_64_TO_32_BIT_CONVERSION = YES;
				GCC_WARN_ABOUT_RETURN_TYPE = YES_ERROR;
				GCC_WARN_UNDECLARED_SELECTOR = YES;
				GCC_WARN_UNINITIALIZED_AUTOS = YES_AGGRESSIVE;
				GCC_WARN_UNUSED_FUNCTION = YES;
				GCC_WARN_UNUSED_VARIABLE = YES;
				IPHONEOS_DEPLOYMENT_TARGET = 18.2;
				LOCALIZATION_PREFERS_STRING_CATALOGS = YES;
				MTL_ENABLE_DEBUG_INFO = INCLUDE_SOURCE;
				MTL_FAST_MATH = YES;
				ONLY_ACTIVE_ARCH = YES;
				SDKROOT = iphoneos;
				SWIFT_ACTIVE_COMPILATION_CONDITIONS = "DEBUG $(inherited)";
				SWIFT_OPTIMIZATION_LEVEL = "-Onone";
			};
			name = Debug;
		};
		912FB45D2D5378AE00750576 /* Release */ = {
			isa = XCBuildConfiguration;
			buildSettings = {
				ALWAYS_SEARCH_USER_PATHS = NO;
				ASSETCATALOG_COMPILER_GENERATE_SWIFT_ASSET_SYMBOL_EXTENSIONS = YES;
				CLANG_ANALYZER_NONNULL = YES;
				CLANG_ANALYZER_NUMBER_OBJECT_CONVERSION = YES_AGGRESSIVE;
				CLANG_CXX_LANGUAGE_STANDARD = "gnu++20";
				CLANG_ENABLE_MODULES = YES;
				CLANG_ENABLE_OBJC_ARC = YES;
				CLANG_ENABLE_OBJC_WEAK = YES;
				CLANG_WARN_BLOCK_CAPTURE_AUTORELEASING = YES;
				CLANG_WARN_BOOL_CONVERSION = YES;
				CLANG_WARN_COMMA = YES;
				CLANG_WARN_CONSTANT_CONVERSION = YES;
				CLANG_WARN_DEPRECATED_OBJC_IMPLEMENTATIONS = YES;
				CLANG_WARN_DIRECT_OBJC_ISA_USAGE = YES_ERROR;
				CLANG_WARN_DOCUMENTATION_COMMENTS = YES;
				CLANG_WARN_EMPTY_BODY = YES;
				CLANG_WARN_ENUM_CONVERSION = YES;
				CLANG_WARN_INFINITE_RECURSION = YES;
				CLANG_WARN_INT_CONVERSION = YES;
				CLANG_WARN_NON_LITERAL_NULL_CONVERSION = YES;
				CLANG_WARN_OBJC_IMPLICIT_RETAIN_SELF = YES;
				CLANG_WARN_OBJC_LITERAL_CONVERSION = YES;
				CLANG_WARN_OBJC_ROOT_CLASS = YES_ERROR;
				CLANG_WARN_QUOTED_INCLUDE_IN_FRAMEWORK_HEADER = YES;
				CLANG_WARN_RANGE_LOOP_ANALYSIS = YES;
				CLANG_WARN_STRICT_PROTOTYPES = YES;
				CLANG_WARN_SUSPICIOUS_MOVE = YES;
				CLANG_WARN_UNGUARDED_AVAILABILITY = YES_AGGRESSIVE;
				CLANG_WARN_UNREACHABLE_CODE = YES;
				CLANG_WARN__DUPLICATE_METHOD_MATCH = YES;
				COPY_PHASE_STRIP = NO;
				DEBUG_INFORMATION_FORMAT = "dwarf-with-dsym";
				ENABLE_NS_ASSERTIONS = NO;
				ENABLE_STRICT_OBJC_MSGSEND = YES;
				ENABLE_USER_SCRIPT_SANDBOXING = YES;
				GCC_C_LANGUAGE_STANDARD = gnu17;
				GCC_NO_COMMON_BLOCKS = YES;
				GCC_WARN_64_TO_32_BIT_CONVERSION = YES;
				GCC_WARN_ABOUT_RETURN_TYPE = YES_ERROR;
				GCC_WARN_UNDECLARED_SELECTOR = YES;
				GCC_WARN_UNINITIALIZED_AUTOS = YES_AGGRESSIVE;
				GCC_WARN_UNUSED_FUNCTION = YES;
				GCC_WARN_UNUSED_VARIABLE = YES;
				IPHONEOS_DEPLOYMENT_TARGET = 18.2;
				LOCALIZATION_PREFERS_STRING_CATALOGS = YES;
				MTL_ENABLE_DEBUG_INFO = NO;
				MTL_FAST_MATH = YES;
				SDKROOT = iphoneos;
				SWIFT_COMPILATION_MODE = wholemodule;
				VALIDATE_PRODUCT = YES;
			};
			name = Release;
		};
		912FB45F2D5378AE00750576 /* Debug */ = {
			isa = XCBuildConfiguration;
			buildSettings = {
				ASSETCATALOG_COMPILER_APPICON_NAME = AppIcon;
				ASSETCATALOG_COMPILER_GLOBAL_ACCENT_COLOR_NAME = AccentColor;
				CODE_SIGN_STYLE = Automatic;
				CURRENT_PROJECT_VERSION = 1;
				DEVELOPMENT_ASSET_PATHS = "\"YourNewspaper/Resources/Preview Content\"";
				ENABLE_PREVIEWS = YES;
				GENERATE_INFOPLIST_FILE = YES;
				INFOPLIST_FILE = YourNewspaper/Info.plist;
				INFOPLIST_KEY_UIApplicationSceneManifest_Generation = YES;
				INFOPLIST_KEY_UIApplicationSupportsIndirectInputEvents = YES;
				INFOPLIST_KEY_UILaunchScreen_Generation = YES;
				INFOPLIST_KEY_UISupportedInterfaceOrientations_iPad = "UIInterfaceOrientationPortrait UIInterfaceOrientationPortraitUpsideDown UIInterfaceOrientationLandscapeLeft UIInterfaceOrientationLandscapeRight";
				INFOPLIST_KEY_UISupportedInterfaceOrientations_iPhone = "UIInterfaceOrientationPortrait UIInterfaceOrientationLandscapeLeft UIInterfaceOrientationLandscapeRight";
				LD_RUNPATH_SEARCH_PATHS = (
					"$(inherited)",
					"@executable_path/Frameworks",
				);
				MARKETING_VERSION = 1.0;
				PRODUCT_BUNDLE_IDENTIFIER = com.ladikalexandra.YourNewspaper;
				PRODUCT_NAME = "$(TARGET_NAME)";
				SWIFT_EMIT_LOC_STRINGS = YES;
				SWIFT_VERSION = 5.0;
				TARGETED_DEVICE_FAMILY = "1,2";
			};
			name = Debug;
		};
		912FB4602D5378AE00750576 /* Release */ = {
			isa = XCBuildConfiguration;
			buildSettings = {
				ASSETCATALOG_COMPILER_APPICON_NAME = AppIcon;
				ASSETCATALOG_COMPILER_GLOBAL_ACCENT_COLOR_NAME = AccentColor;
				CODE_SIGN_STYLE = Automatic;
				CURRENT_PROJECT_VERSION = 1;
				DEVELOPMENT_ASSET_PATHS = "\"YourNewspaper/Resources/Preview Content\"";
				ENABLE_PREVIEWS = YES;
				GENERATE_INFOPLIST_FILE = YES;
				INFOPLIST_FILE = YourNewspaper/Info.plist;
				INFOPLIST_KEY_UIApplicationSceneManifest_Generation = YES;
				INFOPLIST_KEY_UIApplicationSupportsIndirectInputEvents = YES;
				INFOPLIST_KEY_UILaunchScreen_Generation = YES;
				INFOPLIST_KEY_UISupportedInterfaceOrientations_iPad = "UIInterfaceOrientationPortrait UIInterfaceOrientationPortraitUpsideDown UIInterfaceOrientationLandscapeLeft UIInterfaceOrientationLandscapeRight";
				INFOPLIST_KEY_UISupportedInterfaceOrientations_iPhone = "UIInterfaceOrientationPortrait UIInterfaceOrientationLandscapeLeft UIInterfaceOrientationLandscapeRight";
				LD_RUNPATH_SEARCH_PATHS = (
					"$(inherited)",
					"@executable_path/Frameworks",
				);
				MARKETING_VERSION = 1.0;
				PRODUCT_BUNDLE_IDENTIFIER = com.ladikalexandra.YourNewspaper;
				PRODUCT_NAME = "$(TARGET_NAME)";
				SWIFT_EMIT_LOC_STRINGS = YES;
				SWIFT_VERSION = 5.0;
				TARGETED_DEVICE_FAMILY = "1,2";
			};
			name = Release;
		};
/* End XCBuildConfiguration section */

/* Begin XCConfigurationList section */
		912FB44B2D5378AC00750576 /* Build configuration list for PBXProject "YourNewspaper" */ = {
			isa = XCConfigurationList;
			buildConfigurations = (
				912FB45C2D5378AE00750576 /* Debug */,
				912FB45D2D5378AE00750576 /* Release */,
			);
			defaultConfigurationIsVisible = 0;
			defaultConfigurationName = Release;
		};
		912FB45E2D5378AE00750576 /* Build configuration list for PBXNativeTarget "YourNewspaper" */ = {
			isa = XCConfigurationList;
			buildConfigurations = (
				912FB45F2D5378AE00750576 /* Debug */,
				912FB4602D5378AE00750576 /* Release */,
			);
			defaultConfigurationIsVisible = 0;
			defaultConfigurationName = Release;
		};
/* End XCConfigurationList section */

/* Begin XCRemoteSwiftPackageReference section */
		9114292D2D7EFA5E00119F5D /* XCRemoteSwiftPackageReference "firebase-ios-sdk" */ = {
			isa = XCRemoteSwiftPackageReference;
			repositoryURL = "https://github.com/firebase/firebase-ios-sdk.git";
			requirement = {
				kind = upToNextMajorVersion;
				minimumVersion = 11.9.0;
			};
		};
/* End XCRemoteSwiftPackageReference section */

/* Begin XCSwiftPackageProductDependency section */
		9114292E2D7EFA5E00119F5D /* FirebaseAuth */ = {
			isa = XCSwiftPackageProductDependency;
			package = 9114292D2D7EFA5E00119F5D /* XCRemoteSwiftPackageReference "firebase-ios-sdk" */;
			productName = FirebaseAuth;
		};
		911429302D7EFA5E00119F5D /* FirebaseFirestore */ = {
			isa = XCSwiftPackageProductDependency;
			package = 9114292D2D7EFA5E00119F5D /* XCRemoteSwiftPackageReference "firebase-ios-sdk" */;
			productName = FirebaseFirestore;
		};
/* End XCSwiftPackageProductDependency section */
	};
	rootObject = 912FB4482D5378AC00750576 /* Project object */;
}
